# This file was generated by Aiken
# You typically do not need to edit this file

[[requirements]]
name = "aiken-lang/stdlib"
version = "1.8.0"
source = "github"

[[requirements]]
name = "modulo-p/settled-pimt"
version = "main"
source = "github"

[[requirements]]
name = "modulo-p/ak-381"
version = "v0.1"
source = "github"

[[packages]]
name = "aiken-lang/stdlib"
version = "1.8.0"
requirements = []
source = "github"

[[packages]]
name = "modulo-p/settled-pimt"
version = "main"
requirements = []
source = "github"

[[packages]]
name = "modulo-p/ak-381"
version = "v0.1"
requirements = []
source = "github"

[etags]
"modulo-p/settled-pimt@main" = [{ secs_since_epoch = 1717806695, nanos_since_epoch = 501412621 }, "9e497a9cd97f994220b30d028ba5e94d36c54ed050bf3340da33e0930e0843f6"]
